// !$*UTF8*$!
{
	archiveVersion = 1;
	classes = {
	};
	objectVersion = 50;
	objects = {

/* Begin PBXBuildFile section */
		6A045630253AD6CB00EC56A7 /* PreferencesViewControler.swift in Sources */ = {isa = PBXBuildFile; fileRef = 6A04562E253AD6CB00EC56A7 /* PreferencesViewControler.swift */; };
		6A2384B32539E95C00620386 /* AppDelegate.swift in Sources */ = {isa = PBXBuildFile; fileRef = 6A2384B22539E95C00620386 /* AppDelegate.swift */; };
		6A2384B62539E95C00620386 /* Main.storyboard in Resources */ = {isa = PBXBuildFile; fileRef = 6A2384B42539E95C00620386 /* Main.storyboard */; };
		6A2384B82539E95C00620386 /* ViewController.swift in Sources */ = {isa = PBXBuildFile; fileRef = 6A2384B72539E95C00620386 /* ViewController.swift */; };
		6A2384BA2539E96100620386 /* Assets.xcassets in Resources */ = {isa = PBXBuildFile; fileRef = 6A2384B92539E96100620386 /* Assets.xcassets */; };
		6A2384C12539E96100620386 /* ELMS-Reloader Extension.appex in Embed App Extensions */ = {isa = PBXBuildFile; fileRef = 6A2384C02539E96100620386 /* ELMS-Reloader Extension.appex */; settings = {ATTRIBUTES = (RemoveHeadersOnCopy, ); }; };
		6A2384C62539E96100620386 /* Cocoa.framework in Frameworks */ = {isa = PBXBuildFile; fileRef = 6A2384C52539E96100620386 /* Cocoa.framework */; };
		6A2384C92539E96100620386 /* SafariWebExtensionHandler.swift in Sources */ = {isa = PBXBuildFile; fileRef = 6A2384C82539E96100620386 /* SafariWebExtensionHandler.swift */; };
		6A2384CC2539E96100620386 /* _locales in Resources */ = {isa = PBXBuildFile; fileRef = 6A2384CB2539E96100620386 /* _locales */; };
		6A2384CE2539E96100620386 /* images in Resources */ = {isa = PBXBuildFile; fileRef = 6A2384CD2539E96100620386 /* images */; };
		6A2384D02539E96100620386 /* manifest.json in Resources */ = {isa = PBXBuildFile; fileRef = 6A2384CF2539E96100620386 /* manifest.json */; };
		6A2384D22539E96100620386 /* background.js in Resources */ = {isa = PBXBuildFile; fileRef = 6A2384D12539E96100620386 /* background.js */; };
		6A2384D42539E96100620386 /* content.js in Resources */ = {isa = PBXBuildFile; fileRef = 6A2384D32539E96100620386 /* content.js */; };
		6A2384D62539E96100620386 /* popup.html in Resources */ = {isa = PBXBuildFile; fileRef = 6A2384D52539E96100620386 /* popup.html */; };
		6A2384D82539E96100620386 /* popup.css in Resources */ = {isa = PBXBuildFile; fileRef = 6A2384D72539E96100620386 /* popup.css */; };
		6A2384DA2539E96100620386 /* popup.js in Resources */ = {isa = PBXBuildFile; fileRef = 6A2384D92539E96100620386 /* popup.js */; };
		6ABA9ADB2539FB8D006FB601 /* Localizable.strings in Resources */ = {isa = PBXBuildFile; fileRef = 6ABA9ADD2539FB8D006FB601 /* Localizable.strings */; };
		6ABA9AE42539FBC7006FB601 /* Localizable.strings in Resources */ = {isa = PBXBuildFile; fileRef = 6ABA9AE62539FBC7006FB601 /* Localizable.strings */; };
		6AC0AD5D253ADA77004A6D97 /* PreferencesWindowControler.swift in Sources */ = {isa = PBXBuildFile; fileRef = 6AC0AD5C253ADA77004A6D97 /* PreferencesWindowControler.swift */; };
		6ACCF48D253B05C400D8DCDD /* Preferences.storyboard in Resources */ = {isa = PBXBuildFile; fileRef = 6ACCF48F253B05C400D8DCDD /* Preferences.storyboard */; };
/* End PBXBuildFile section */

/* Begin PBXContainerItemProxy section */
		6A2384C22539E96100620386 /* PBXContainerItemProxy */ = {
			isa = PBXContainerItemProxy;
			containerPortal = 6A2384A62539E95C00620386 /* Project object */;
			proxyType = 1;
			remoteGlobalIDString = 6A2384BF2539E96100620386;
			remoteInfo = "ELMS-Reloader Extension";
		};
/* End PBXContainerItemProxy section */

/* Begin PBXCopyFilesBuildPhase section */
		6A2384E22539E96100620386 /* Embed App Extensions */ = {
			isa = PBXCopyFilesBuildPhase;
			buildActionMask = 2147483647;
			dstPath = "";
			dstSubfolderSpec = 13;
			files = (
				6A2384C12539E96100620386 /* ELMS-Reloader Extension.appex in Embed App Extensions */,
			);
			name = "Embed App Extensions";
			runOnlyForDeploymentPostprocessing = 0;
		};
/* End PBXCopyFilesBuildPhase section */

/* Begin PBXFileReference section */
		6A04562E253AD6CB00EC56A7 /* PreferencesViewControler.swift */ = {isa = PBXFileReference; lastKnownFileType = sourcecode.swift; path = PreferencesViewControler.swift; sourceTree = "<group>"; };
		6A2384AE2539E95C00620386 /* ELMS-Reloader.app */ = {isa = PBXFileReference; explicitFileType = wrapper.application; includeInIndex = 0; path = "ELMS-Reloader.app"; sourceTree = BUILT_PRODUCTS_DIR; };
		6A2384B12539E95C00620386 /* ELMS_Reloader.entitlements */ = {isa = PBXFileReference; lastKnownFileType = text.plist.entitlements; path = ELMS_Reloader.entitlements; sourceTree = "<group>"; };
		6A2384B22539E95C00620386 /* AppDelegate.swift */ = {isa = PBXFileReference; lastKnownFileType = sourcecode.swift; path = AppDelegate.swift; sourceTree = "<group>"; };
		6A2384B52539E95C00620386 /* Base */ = {isa = PBXFileReference; lastKnownFileType = file.storyboard; name = Base; path = Base.lproj/Main.storyboard; sourceTree = "<group>"; };
		6A2384B72539E95C00620386 /* ViewController.swift */ = {isa = PBXFileReference; lastKnownFileType = sourcecode.swift; path = ViewController.swift; sourceTree = "<group>"; };
		6A2384B92539E96100620386 /* Assets.xcassets */ = {isa = PBXFileReference; lastKnownFileType = folder.assetcatalog; path = Assets.xcassets; sourceTree = "<group>"; };
		6A2384BB2539E96100620386 /* Info.plist */ = {isa = PBXFileReference; lastKnownFileType = text.plist.xml; path = Info.plist; sourceTree = "<group>"; };
		6A2384C02539E96100620386 /* ELMS-Reloader Extension.appex */ = {isa = PBXFileReference; explicitFileType = "wrapper.app-extension"; includeInIndex = 0; path = "ELMS-Reloader Extension.appex"; sourceTree = BUILT_PRODUCTS_DIR; };
		6A2384C52539E96100620386 /* Cocoa.framework */ = {isa = PBXFileReference; lastKnownFileType = wrapper.framework; name = Cocoa.framework; path = System/Library/Frameworks/Cocoa.framework; sourceTree = SDKROOT; };
		6A2384C82539E96100620386 /* SafariWebExtensionHandler.swift */ = {isa = PBXFileReference; lastKnownFileType = sourcecode.swift; path = SafariWebExtensionHandler.swift; sourceTree = "<group>"; };
		6A2384CB2539E96100620386 /* _locales */ = {isa = PBXFileReference; lastKnownFileType = folder; path = _locales; sourceTree = "<group>"; };
		6A2384CD2539E96100620386 /* images */ = {isa = PBXFileReference; lastKnownFileType = folder; path = images; sourceTree = "<group>"; };
		6A2384CF2539E96100620386 /* manifest.json */ = {isa = PBXFileReference; lastKnownFileType = text.json; path = manifest.json; sourceTree = "<group>"; };
		6A2384D12539E96100620386 /* background.js */ = {isa = PBXFileReference; lastKnownFileType = sourcecode.javascript; path = background.js; sourceTree = "<group>"; };
		6A2384D32539E96100620386 /* content.js */ = {isa = PBXFileReference; lastKnownFileType = sourcecode.javascript; path = content.js; sourceTree = "<group>"; };
		6A2384D52539E96100620386 /* popup.html */ = {isa = PBXFileReference; lastKnownFileType = text.html; path = popup.html; sourceTree = "<group>"; };
		6A2384D72539E96100620386 /* popup.css */ = {isa = PBXFileReference; lastKnownFileType = text.css; path = popup.css; sourceTree = "<group>"; };
		6A2384D92539E96100620386 /* popup.js */ = {isa = PBXFileReference; lastKnownFileType = sourcecode.javascript; path = popup.js; sourceTree = "<group>"; };
		6A2384DB2539E96100620386 /* Info.plist */ = {isa = PBXFileReference; lastKnownFileType = text.plist.xml; path = Info.plist; sourceTree = "<group>"; };
		6A2384DC2539E96100620386 /* ELMS_Reloader_Extension.entitlements */ = {isa = PBXFileReference; lastKnownFileType = text.plist.entitlements; path = ELMS_Reloader_Extension.entitlements; sourceTree = "<group>"; };
		6ABA9ACB2539F873006FB601 /* ja */ = {isa = PBXFileReference; lastKnownFileType = text.plist.strings; name = ja; path = ja.lproj/Main.strings; sourceTree = "<group>"; };
		6ABA9ADC2539FB8D006FB601 /* ja */ = {isa = PBXFileReference; lastKnownFileType = text.plist.strings; name = ja; path = ja.lproj/Localizable.strings; sourceTree = "<group>"; };
		6ABA9AE52539FBC7006FB601 /* en */ = {isa = PBXFileReference; lastKnownFileType = text.plist.strings; name = en; path = en.lproj/Localizable.strings; sourceTree = "<group>"; };
		6AC0AD5C253ADA77004A6D97 /* PreferencesWindowControler.swift */ = {isa = PBXFileReference; lastKnownFileType = sourcecode.swift; path = PreferencesWindowControler.swift; sourceTree = "<group>"; };
		6ACCF48E253B05C400D8DCDD /* Base */ = {isa = PBXFileReference; lastKnownFileType = file.storyboard; name = Base; path = Base.lproj/Preferences.storyboard; sourceTree = "<group>"; };
		6ACCF491253B05D000D8DCDD /* en */ = {isa = PBXFileReference; lastKnownFileType = text.plist.strings; name = en; path = en.lproj/Preferences.strings; sourceTree = "<group>"; };
		6ACCF492253B05D400D8DCDD /* ja */ = {isa = PBXFileReference; lastKnownFileType = text.plist.strings; name = ja; path = ja.lproj/Preferences.strings; sourceTree = "<group>"; };
		6ACCF496253B061B00D8DCDD /* en */ = {isa = PBXFileReference; lastKnownFileType = text.plist.strings; name = en; path = en.lproj/Main.strings; sourceTree = "<group>"; };
/* End PBXFileReference section */

/* Begin PBXFrameworksBuildPhase section */
		6A2384AB2539E95C00620386 /* Frameworks */ = {
			isa = PBXFrameworksBuildPhase;
			buildActionMask = 2147483647;
			files = (
			);
			runOnlyForDeploymentPostprocessing = 0;
		};
		6A2384BD2539E96100620386 /* Frameworks */ = {
			isa = PBXFrameworksBuildPhase;
			buildActionMask = 2147483647;
			files = (
				6A2384C62539E96100620386 /* Cocoa.framework in Frameworks */,
			);
			runOnlyForDeploymentPostprocessing = 0;
		};
/* End PBXFrameworksBuildPhase section */

/* Begin PBXGroup section */
		6A045629253AD4F000EC56A7 /* Preferences */ = {
			isa = PBXGroup;
			children = (
				6A04562E253AD6CB00EC56A7 /* PreferencesViewControler.swift */,
				6ACCF48F253B05C400D8DCDD /* Preferences.storyboard */,
				6AC0AD5C253ADA77004A6D97 /* PreferencesWindowControler.swift */,
			);
			path = Preferences;
			sourceTree = "<group>";
		};
		6A2384A52539E95C00620386 = {
			isa = PBXGroup;
			children = (
				6A045629253AD4F000EC56A7 /* Preferences */,
				6A2384B02539E95C00620386 /* ELMS-Reloader */,
				6A2384C72539E96100620386 /* ELMS-Reloader Extension */,
				6A2384C42539E96100620386 /* Frameworks */,
				6A2384AF2539E95C00620386 /* Products */,
			);
			sourceTree = "<group>";
		};
		6A2384AF2539E95C00620386 /* Products */ = {
			isa = PBXGroup;
			children = (
				6A2384AE2539E95C00620386 /* ELMS-Reloader.app */,
				6A2384C02539E96100620386 /* ELMS-Reloader Extension.appex */,
			);
			name = Products;
			sourceTree = "<group>";
		};
		6A2384B02539E95C00620386 /* ELMS-Reloader */ = {
			isa = PBXGroup;
			children = (
				6A2384B12539E95C00620386 /* ELMS_Reloader.entitlements */,
				6A2384B22539E95C00620386 /* AppDelegate.swift */,
				6A2384B42539E95C00620386 /* Main.storyboard */,
				6A2384B72539E95C00620386 /* ViewController.swift */,
				6A2384B92539E96100620386 /* Assets.xcassets */,
				6A2384BB2539E96100620386 /* Info.plist */,
				6ABA9ADD2539FB8D006FB601 /* Localizable.strings */,
				6ABA9AE62539FBC7006FB601 /* Localizable.strings */,
			);
			path = "ELMS-Reloader";
			sourceTree = "<group>";
		};
		6A2384C42539E96100620386 /* Frameworks */ = {
			isa = PBXGroup;
			children = (
				6A2384C52539E96100620386 /* Cocoa.framework */,
			);
			name = Frameworks;
			sourceTree = "<group>";
		};
		6A2384C72539E96100620386 /* ELMS-Reloader Extension */ = {
			isa = PBXGroup;
			children = (
				6A2384C82539E96100620386 /* SafariWebExtensionHandler.swift */,
				6A2384DB2539E96100620386 /* Info.plist */,
				6A2384DC2539E96100620386 /* ELMS_Reloader_Extension.entitlements */,
				6A2384CA2539E96100620386 /* Resources */,
			);
			path = "ELMS-Reloader Extension";
			sourceTree = "<group>";
		};
		6A2384CA2539E96100620386 /* Resources */ = {
			isa = PBXGroup;
			children = (
				6A2384CB2539E96100620386 /* _locales */,
				6A2384CD2539E96100620386 /* images */,
				6A2384CF2539E96100620386 /* manifest.json */,
				6A2384D12539E96100620386 /* background.js */,
				6A2384D32539E96100620386 /* content.js */,
				6A2384D52539E96100620386 /* popup.html */,
				6A2384D72539E96100620386 /* popup.css */,
				6A2384D92539E96100620386 /* popup.js */,
			);
			path = Resources;
			sourceTree = "<group>";
		};
/* End PBXGroup section */

/* Begin PBXNativeTarget section */
		6A2384AD2539E95C00620386 /* ELMS-Reloader */ = {
			isa = PBXNativeTarget;
			buildConfigurationList = 6A2384E32539E96100620386 /* Build configuration list for PBXNativeTarget "ELMS-Reloader" */;
			buildPhases = (
				6A2384AA2539E95C00620386 /* Sources */,
				6A2384AB2539E95C00620386 /* Frameworks */,
				6A2384AC2539E95C00620386 /* Resources */,
				6A2384E22539E96100620386 /* Embed App Extensions */,
			);
			buildRules = (
			);
			dependencies = (
				6A2384C32539E96100620386 /* PBXTargetDependency */,
			);
			name = "ELMS-Reloader";
			productName = "ELMS-Reloader";
			productReference = 6A2384AE2539E95C00620386 /* ELMS-Reloader.app */;
			productType = "com.apple.product-type.application";
		};
		6A2384BF2539E96100620386 /* ELMS-Reloader Extension */ = {
			isa = PBXNativeTarget;
			buildConfigurationList = 6A2384DF2539E96100620386 /* Build configuration list for PBXNativeTarget "ELMS-Reloader Extension" */;
			buildPhases = (
				6A2384BC2539E96100620386 /* Sources */,
				6A2384BD2539E96100620386 /* Frameworks */,
				6A2384BE2539E96100620386 /* Resources */,
			);
			buildRules = (
			);
			dependencies = (
			);
			name = "ELMS-Reloader Extension";
			productName = "ELMS-Reloader Extension";
			productReference = 6A2384C02539E96100620386 /* ELMS-Reloader Extension.appex */;
			productType = "com.apple.product-type.app-extension";
		};
/* End PBXNativeTarget section */

/* Begin PBXProject section */
		6A2384A62539E95C00620386 /* Project object */ = {
			isa = PBXProject;
			attributes = {
				LastSwiftUpdateCheck = 1200;
				LastUpgradeCheck = 1230;
				TargetAttributes = {
					6A2384AD2539E95C00620386 = {
						CreatedOnToolsVersion = 12.0.1;
					};
					6A2384BF2539E96100620386 = {
						CreatedOnToolsVersion = 12.0.1;
					};
				};
			};
			buildConfigurationList = 6A2384A92539E95C00620386 /* Build configuration list for PBXProject "ELMS-Reloader" */;
			compatibilityVersion = "Xcode 9.3";
			developmentRegion = en;
			hasScannedForEncodings = 0;
			knownRegions = (
				en,
				Base,
				ja,
			);
			mainGroup = 6A2384A52539E95C00620386;
			productRefGroup = 6A2384AF2539E95C00620386 /* Products */;
			projectDirPath = "";
			projectRoot = "";
			targets = (
				6A2384AD2539E95C00620386 /* ELMS-Reloader */,
				6A2384BF2539E96100620386 /* ELMS-Reloader Extension */,
			);
		};
/* End PBXProject section */

/* Begin PBXResourcesBuildPhase section */
		6A2384AC2539E95C00620386 /* Resources */ = {
			isa = PBXResourcesBuildPhase;
			buildActionMask = 2147483647;
			files = (
				6A2384BA2539E96100620386 /* Assets.xcassets in Resources */,
				6ABA9AE42539FBC7006FB601 /* Localizable.strings in Resources */,
				6ABA9ADB2539FB8D006FB601 /* Localizable.strings in Resources */,
				6ACCF48D253B05C400D8DCDD /* Preferences.storyboard in Resources */,
				6A2384B62539E95C00620386 /* Main.storyboard in Resources */,
			);
			runOnlyForDeploymentPostprocessing = 0;
		};
		6A2384BE2539E96100620386 /* Resources */ = {
			isa = PBXResourcesBuildPhase;
			buildActionMask = 2147483647;
			files = (
				6A2384D22539E96100620386 /* background.js in Resources */,
				6A2384D82539E96100620386 /* popup.css in Resources */,
				6A2384D62539E96100620386 /* popup.html in Resources */,
				6A2384CE2539E96100620386 /* images in Resources */,
				6A2384D02539E96100620386 /* manifest.json in Resources */,
				6A2384CC2539E96100620386 /* _locales in Resources */,
				6A2384D42539E96100620386 /* content.js in Resources */,
				6A2384DA2539E96100620386 /* popup.js in Resources */,
			);
			runOnlyForDeploymentPostprocessing = 0;
		};
/* End PBXResourcesBuildPhase section */

/* Begin PBXSourcesBuildPhase section */
		6A2384AA2539E95C00620386 /* Sources */ = {
			isa = PBXSourcesBuildPhase;
			buildActionMask = 2147483647;
			files = (
				6A045630253AD6CB00EC56A7 /* PreferencesViewControler.swift in Sources */,
				6A2384B82539E95C00620386 /* ViewController.swift in Sources */,
				6AC0AD5D253ADA77004A6D97 /* PreferencesWindowControler.swift in Sources */,
				6A2384B32539E95C00620386 /* AppDelegate.swift in Sources */,
			);
			runOnlyForDeploymentPostprocessing = 0;
		};
		6A2384BC2539E96100620386 /* Sources */ = {
			isa = PBXSourcesBuildPhase;
			buildActionMask = 2147483647;
			files = (
				6A2384C92539E96100620386 /* SafariWebExtensionHandler.swift in Sources */,
			);
			runOnlyForDeploymentPostprocessing = 0;
		};
/* End PBXSourcesBuildPhase section */

/* Begin PBXTargetDependency section */
		6A2384C32539E96100620386 /* PBXTargetDependency */ = {
			isa = PBXTargetDependency;
			target = 6A2384BF2539E96100620386 /* ELMS-Reloader Extension */;
			targetProxy = 6A2384C22539E96100620386 /* PBXContainerItemProxy */;
		};
/* End PBXTargetDependency section */

/* Begin PBXVariantGroup section */
		6A2384B42539E95C00620386 /* Main.storyboard */ = {
			isa = PBXVariantGroup;
			children = (
				6A2384B52539E95C00620386 /* Base */,
				6ABA9ACB2539F873006FB601 /* ja */,
				6ACCF496253B061B00D8DCDD /* en */,
			);
			name = Main.storyboard;
			sourceTree = "<group>";
		};
		6ABA9ADD2539FB8D006FB601 /* Localizable.strings */ = {
			isa = PBXVariantGroup;
			children = (
				6ABA9ADC2539FB8D006FB601 /* ja */,
			);
			name = Localizable.strings;
			sourceTree = "<group>";
		};
		6ABA9AE62539FBC7006FB601 /* Localizable.strings */ = {
			isa = PBXVariantGroup;
			children = (
				6ABA9AE52539FBC7006FB601 /* en */,
			);
			name = Localizable.strings;
			sourceTree = "<group>";
		};
		6ACCF48F253B05C400D8DCDD /* Preferences.storyboard */ = {
			isa = PBXVariantGroup;
			children = (
				6ACCF48E253B05C400D8DCDD /* Base */,
				6ACCF491253B05D000D8DCDD /* en */,
				6ACCF492253B05D400D8DCDD /* ja */,
			);
			name = Preferences.storyboard;
			sourceTree = "<group>";
		};
/* End PBXVariantGroup section */

/* Begin XCBuildConfiguration section */
		6A2384DD2539E96100620386 /* Debug */ = {
			isa = XCBuildConfiguration;
			buildSettings = {
				ALWAYS_SEARCH_USER_PATHS = NO;
				CLANG_ANALYZER_LOCALIZABILITY_NONLOCALIZED = YES;
				CLANG_ANALYZER_NONNULL = YES;
				CLANG_ANALYZER_NUMBER_OBJECT_CONVERSION = YES_AGGRESSIVE;
				CLANG_CXX_LANGUAGE_STANDARD = "gnu++14";
				CLANG_CXX_LIBRARY = "libc++";
				CLANG_ENABLE_MODULES = YES;
				CLANG_ENABLE_OBJC_ARC = YES;
				CLANG_ENABLE_OBJC_WEAK = YES;
				CLANG_WARN_BLOCK_CAPTURE_AUTORELEASING = YES;
				CLANG_WARN_BOOL_CONVERSION = YES;
				CLANG_WARN_COMMA = YES;
				CLANG_WARN_CONSTANT_CONVERSION = YES;
				CLANG_WARN_DEPRECATED_OBJC_IMPLEMENTATIONS = YES;
				CLANG_WARN_DIRECT_OBJC_ISA_USAGE = YES_ERROR;
				CLANG_WARN_DOCUMENTATION_COMMENTS = YES;
				CLANG_WARN_EMPTY_BODY = YES;
				CLANG_WARN_ENUM_CONVERSION = YES;
				CLANG_WARN_INFINITE_RECURSION = YES;
				CLANG_WARN_INT_CONVERSION = YES;
				CLANG_WARN_NON_LITERAL_NULL_CONVERSION = YES;
				CLANG_WARN_OBJC_IMPLICIT_RETAIN_SELF = YES;
				CLANG_WARN_OBJC_LITERAL_CONVERSION = YES;
				CLANG_WARN_OBJC_ROOT_CLASS = YES_ERROR;
				CLANG_WARN_QUOTED_INCLUDE_IN_FRAMEWORK_HEADER = YES;
				CLANG_WARN_RANGE_LOOP_ANALYSIS = YES;
				CLANG_WARN_STRICT_PROTOTYPES = YES;
				CLANG_WARN_SUSPICIOUS_MOVE = YES;
				CLANG_WARN_UNGUARDED_AVAILABILITY = YES_AGGRESSIVE;
				CLANG_WARN_UNREACHABLE_CODE = YES;
				CLANG_WARN__DUPLICATE_METHOD_MATCH = YES;
				COPY_PHASE_STRIP = NO;
				DEBUG_INFORMATION_FORMAT = dwarf;
				ENABLE_STRICT_OBJC_MSGSEND = YES;
				ENABLE_TESTABILITY = YES;
				GCC_C_LANGUAGE_STANDARD = gnu11;
				GCC_DYNAMIC_NO_PIC = NO;
				GCC_NO_COMMON_BLOCKS = YES;
				GCC_OPTIMIZATION_LEVEL = 0;
				GCC_PREPROCESSOR_DEFINITIONS = (
					"DEBUG=1",
					"$(inherited)",
				);
				GCC_WARN_64_TO_32_BIT_CONVERSION = YES;
				GCC_WARN_ABOUT_RETURN_TYPE = YES_ERROR;
				GCC_WARN_UNDECLARED_SELECTOR = YES;
				GCC_WARN_UNINITIALIZED_AUTOS = YES_AGGRESSIVE;
				GCC_WARN_UNUSED_FUNCTION = YES;
				GCC_WARN_UNUSED_VARIABLE = YES;
				MACOSX_DEPLOYMENT_TARGET = 10.15;
				MTL_ENABLE_DEBUG_INFO = INCLUDE_SOURCE;
				MTL_FAST_MATH = YES;
				ONLY_ACTIVE_ARCH = YES;
				SDKROOT = macosx;
				SWIFT_ACTIVE_COMPILATION_CONDITIONS = DEBUG;
				SWIFT_OPTIMIZATION_LEVEL = "-Onone";
			};
			name = Debug;
		};
		6A2384DE2539E96100620386 /* Release */ = {
			isa = XCBuildConfiguration;
			buildSettings = {
				ALWAYS_SEARCH_USER_PATHS = NO;
				CLANG_ANALYZER_LOCALIZABILITY_NONLOCALIZED = YES;
				CLANG_ANALYZER_NONNULL = YES;
				CLANG_ANALYZER_NUMBER_OBJECT_CONVERSION = YES_AGGRESSIVE;
				CLANG_CXX_LANGUAGE_STANDARD = "gnu++14";
				CLANG_CXX_LIBRARY = "libc++";
				CLANG_ENABLE_MODULES = YES;
				CLANG_ENABLE_OBJC_ARC = YES;
				CLANG_ENABLE_OBJC_WEAK = YES;
				CLANG_WARN_BLOCK_CAPTURE_AUTORELEASING = YES;
				CLANG_WARN_BOOL_CONVERSION = YES;
				CLANG_WARN_COMMA = YES;
				CLANG_WARN_CONSTANT_CONVERSION = YES;
				CLANG_WARN_DEPRECATED_OBJC_IMPLEMENTATIONS = YES;
				CLANG_WARN_DIRECT_OBJC_ISA_USAGE = YES_ERROR;
				CLANG_WARN_DOCUMENTATION_COMMENTS = YES;
				CLANG_WARN_EMPTY_BODY = YES;
				CLANG_WARN_ENUM_CONVERSION = YES;
				CLANG_WARN_INFINITE_RECURSION = YES;
				CLANG_WARN_INT_CONVERSION = YES;
				CLANG_WARN_NON_LITERAL_NULL_CONVERSION = YES;
				CLANG_WARN_OBJC_IMPLICIT_RETAIN_SELF = YES;
				CLANG_WARN_OBJC_LITERAL_CONVERSION = YES;
				CLANG_WARN_OBJC_ROOT_CLASS = YES_ERROR;
				CLANG_WARN_QUOTED_INCLUDE_IN_FRAMEWORK_HEADER = YES;
				CLANG_WARN_RANGE_LOOP_ANALYSIS = YES;
				CLANG_WARN_STRICT_PROTOTYPES = YES;
				CLANG_WARN_SUSPICIOUS_MOVE = YES;
				CLANG_WARN_UNGUARDED_AVAILABILITY = YES_AGGRESSIVE;
				CLANG_WARN_UNREACHABLE_CODE = YES;
				CLANG_WARN__DUPLICATE_METHOD_MATCH = YES;
				COPY_PHASE_STRIP = NO;
				DEBUG_INFORMATION_FORMAT = "dwarf-with-dsym";
				ENABLE_NS_ASSERTIONS = NO;
				ENABLE_STRICT_OBJC_MSGSEND = YES;
				GCC_C_LANGUAGE_STANDARD = gnu11;
				GCC_NO_COMMON_BLOCKS = YES;
				GCC_WARN_64_TO_32_BIT_CONVERSION = YES;
				GCC_WARN_ABOUT_RETURN_TYPE = YES_ERROR;
				GCC_WARN_UNDECLARED_SELECTOR = YES;
				GCC_WARN_UNINITIALIZED_AUTOS = YES_AGGRESSIVE;
				GCC_WARN_UNUSED_FUNCTION = YES;
				GCC_WARN_UNUSED_VARIABLE = YES;
				MACOSX_DEPLOYMENT_TARGET = 10.15;
				MTL_ENABLE_DEBUG_INFO = NO;
				MTL_FAST_MATH = YES;
				SDKROOT = macosx;
				SWIFT_COMPILATION_MODE = wholemodule;
				SWIFT_OPTIMIZATION_LEVEL = "-O";
			};
			name = Release;
		};
		6A2384E02539E96100620386 /* Debug */ = {
			isa = XCBuildConfiguration;
			buildSettings = {
				ASSETCATALOG_COMPILER_APPICON_NAME = AppIcon;
				CODE_SIGN_ENTITLEMENTS = "ELMS-Reloader Extension/ELMS_Reloader_Extension.entitlements";
				CODE_SIGN_IDENTITY = "-";
				CODE_SIGN_STYLE = Automatic;
				CURRENT_PROJECT_VERSION = 87;
				DEVELOPMENT_TEAM = NZN98F68TM;
				INFOPLIST_FILE = "ELMS-Reloader Extension/Info.plist";
				LD_RUNPATH_SEARCH_PATHS = (
					"$(inherited)",
					"@executable_path/../Frameworks",
					"@executable_path/../../../../Frameworks",
				);
				MACOSX_DEPLOYMENT_TARGET = 10.15;
				PRODUCT_BUNDLE_IDENTIFIER = "io.github.westelh.ELMS-Reloader-Extension";
				PRODUCT_NAME = "$(TARGET_NAME)";
				SKIP_INSTALL = YES;
				SWIFT_VERSION = 5.0;
				VERSIONING_SYSTEM = "apple-generic";
			};
			name = Debug;
		};
		6A2384E12539E96100620386 /* Release */ = {
			isa = XCBuildConfiguration;
			buildSettings = {
				ASSETCATALOG_COMPILER_APPICON_NAME = AppIcon;
				CODE_SIGN_ENTITLEMENTS = "ELMS-Reloader Extension/ELMS_Reloader_Extension.entitlements";
				CODE_SIGN_IDENTITY = "-";
				CODE_SIGN_STYLE = Automatic;
				CURRENT_PROJECT_VERSION = 87;
				DEVELOPMENT_TEAM = NZN98F68TM;
				INFOPLIST_FILE = "ELMS-Reloader Extension/Info.plist";
				LD_RUNPATH_SEARCH_PATHS = (
					"$(inherited)",
					"@executable_path/../Frameworks",
					"@executable_path/../../../../Frameworks",
				);
				MACOSX_DEPLOYMENT_TARGET = 10.15;
				PRODUCT_BUNDLE_IDENTIFIER = "io.github.westelh.ELMS-Reloader-Extension";
				PRODUCT_NAME = "$(TARGET_NAME)";
				SKIP_INSTALL = YES;
				SWIFT_VERSION = 5.0;
				VERSIONING_SYSTEM = "apple-generic";
			};
			name = Release;
		};
		6A2384E42539E96100620386 /* Debug */ = {
			isa = XCBuildConfiguration;
			buildSettings = {
				ALWAYS_EMBED_SWIFT_STANDARD_LIBRARIES = YES;
				ASSETCATALOG_COMPILER_APPICON_NAME = AppIcon;
				ASSETCATALOG_COMPILER_GLOBAL_ACCENT_COLOR_NAME = AccentColor;
				CODE_SIGN_ENTITLEMENTS = "ELMS-Reloader/ELMS_Reloader.entitlements";
				CODE_SIGN_IDENTITY = "Apple Development";
				CODE_SIGN_STYLE = Automatic;
				COMBINE_HIDPI_IMAGES = YES;
				CURRENT_PROJECT_VERSION = 87;
				DEVELOPMENT_TEAM = NZN98F68TM;
				ENABLE_HARDENED_RUNTIME = YES;
				INFOPLIST_FILE = "ELMS-Reloader/Info.plist";
				LD_RUNPATH_SEARCH_PATHS = (
					"$(inherited)",
					"@executable_path/../Frameworks",
				);
				MACOSX_DEPLOYMENT_TARGET = 10.15;
				MARKETING_VERSION = "";
				PRODUCT_BUNDLE_IDENTIFIER = "io.github.westelh.ELMS-Reloader";
				PRODUCT_NAME = "$(TARGET_NAME)";
				SWIFT_VERSION = 5.0;
				VERSIONING_SYSTEM = "apple-generic";
			};
			name = Debug;
		};
		6A2384E52539E96100620386 /* Release */ = {
			isa = XCBuildConfiguration;
			buildSettings = {
				ALWAYS_EMBED_SWIFT_STANDARD_LIBRARIES = YES;
				ASSETCATALOG_COMPILER_APPICON_NAME = AppIcon;
				ASSETCATALOG_COMPILER_GLOBAL_ACCENT_COLOR_NAME = AccentColor;
				CODE_SIGN_ENTITLEMENTS = "ELMS-Reloader/ELMS_Reloader.entitlements";
				CODE_SIGN_IDENTITY = "Apple Development";
				CODE_SIGN_STYLE = Automatic;
				COMBINE_HIDPI_IMAGES = YES;
				CURRENT_PROJECT_VERSION = 87;
				DEVELOPMENT_TEAM = NZN98F68TM;
				ENABLE_HARDENED_RUNTIME = YES;
				INFOPLIST_FILE = "ELMS-Reloader/Info.plist";
				LD_RUNPATH_SEARCH_PATHS = (
					"$(inherited)",
					"@executable_path/../Frameworks",
				);
				MACOSX_DEPLOYMENT_TARGET = 10.15;
				MARKETING_VERSION = "";
				PRODUCT_BUNDLE_IDENTIFIER = "io.github.westelh.ELMS-Reloader";
				PRODUCT_NAME = "$(TARGET_NAME)";
				SWIFT_VERSION = 5.0;
				VERSIONING_SYSTEM = "apple-generic";
			};
			name = Release;
		};
/* End XCBuildConfiguration section */

/* Begin XCConfigurationList section */
		6A2384A92539E95C00620386 /* Build configuration list for PBXProject "ELMS-Reloader" */ = {
			isa = XCConfigurationList;
			buildConfigurations = (
				6A2384DD2539E96100620386 /* Debug */,
				6A2384DE2539E96100620386 /* Release */,
			);
			defaultConfigurationIsVisible = 0;
			defaultConfigurationName = Release;
		};
		6A2384DF2539E96100620386 /* Build configuration list for PBXNativeTarget "ELMS-Reloader Extension" */ = {
			isa = XCConfigurationList;
			buildConfigurations = (
				6A2384E02539E96100620386 /* Debug */,
				6A2384E12539E96100620386 /* Release */,
			);
			defaultConfigurationIsVisible = 0;
			defaultConfigurationName = Release;
		};
		6A2384E32539E96100620386 /* Build configuration list for PBXNativeTarget "ELMS-Reloader" */ = {
			isa = XCConfigurationList;
			buildConfigurations = (
				6A2384E42539E96100620386 /* Debug */,
				6A2384E52539E96100620386 /* Release */,
			);
			defaultConfigurationIsVisible = 0;
			defaultConfigurationName = Release;
		};
/* End XCConfigurationList section */
	};
	rootObject = 6A2384A62539E95C00620386 /* Project object */;
}
